// !$*UTF8*$!
{
	archiveVersion = 1;
	classes = {
	};
	objectVersion = 46;
	objects = {

		12E1B2CDC5B0F3CEE5178E78 = {isa = PBXBuildFile; fileRef = 3A42A5FFA19A21E3973095CA; };
		36507D98F3DF03ED0BED2567 = {isa = PBXBuildFile; fileRef = 515B619CDB4EF8D446040609; };
		CBDB20D72984AABC8034EE45 = {isa = PBXBuildFile; fileRef = 15AAA7DF75B43A23B42747F6; };
		EB3D103D50D608B19B8C918D = {isa = PBXBuildFile; fileRef = A7EACBF7A5B5427E4027544B; };
		B2E91F646BA4DA28FEA3561C = {isa = PBXBuildFile; fileRef = 4C9A5C939136A81759F89BCF; };
		2B50D70BB849C75C3FCA766F = {isa = PBXBuildFile; fileRef = E20588A60A7735559A1225E5; };
		A53557E16C4E32506F6F55EC = {isa = PBXBuildFile; fileRef = 3532C1B1F50BC2D382775B95; };
		D3931690053AF60AFF27F119 = {isa = PBXBuildFile; fileRef = 4263AAB80F40C2C811DE5CBF; };
		C8277F4D9F9CCBF92289B26F = {isa = PBXBuildFile; fileRef = DD7D5D6079BFB760C445BC00; };
		657DA1845300A4E88F697E3A = {isa = PBXBuildFile; fileRef = C259177FDC330A306F7FDDD1; };
		368C1113AC32463E4B7EAE11 = {isa = PBXBuildFile; fileRef = EEEB1450DD4E662ADA15E59C; };
		2087C4DD327BABBABB33A615 = {isa = PBXBuildFile; fileRef = 5E38082B9FB874D6215CBDC6; };
		BEB1909F4213E1EDE8B5F74D = {isa = PBXBuildFile; fileRef = AEEAAA7B307A8D8E4CA60D69; };
		1A099CD5AD57C06374BF557B = {isa = PBXBuildFile; fileRef = 72E705CC7938BC3DF65D4AAA; };
		3C2674EA004E92A6535274B1 = {isa = PBXBuildFile; fileRef = 3C23D65A5C292EC960D7E58D; };
		3BECE70978C90137CB66D968 = {isa = PBXBuildFile; fileRef = 1FB8DF64C8FC2B2E7BF98D89; };
		F4F0712DCC07D181AB4D7964 = {isa = PBXBuildFile; fileRef = B80C72864BAFAF4E65BBDF9E; };
		A89821A9791DA6999FBE6230 = {isa = PBXBuildFile; fileRef = 152926B90DE8BF33F3DE92DB; };
		572355B6DF31FDE3E4B989EF = {isa = PBXBuildFile; fileRef = 5D3D1D03143DEDB5D0E1321D; };
		C7458DFA33251BB9195492B5 = {isa = PBXBuildFile; fileRef = 5861DCF6C8F53F70E3BC52E0; };
		26740D4CCC1054D328911325 = {isa = PBXBuildFile; fileRef = 779B3E174CCF2C4BDE83F0D8; };
		0914E7C7D14A14F871BF9678 = {isa = PBXBuildFile; fileRef = DEC81EADF8968D4191904379; };
		3BB8D9A00CA4888AE75F64CC = {isa = PBXBuildFile; fileRef = 4B5A05A140E2B9981E7E5C38; };
		4FE428786B7D622A128BE140 = {isa = PBXBuildFile; fileRef = A6675882B980CA191577BA6E; };
		FA477CBF73086FBD09798100 = {isa = PBXBuildFile; fileRef = DE6A0FE0C9B359256385A0CF; };
		42A99583EDEA779875207D95 = {isa = PBXBuildFile; fileRef = DAB731F3E728485BF133EFC8; };
		E77BEBA64AD7722E823CCB6B = {isa = PBXBuildFile; fileRef = 77905337F4E9AE5336FD3C46; };
		9AF8F832145FE8810025FDDE = {isa = PBXBuildFile; fileRef = B7F396133876C9CD4C487579; };
		A9A83662EA1FA8A425911861 = {isa = PBXBuildFile; fileRef = 3D67DD14281B65D9DCCDF5D8; };
		85C1B1DFB66E7A946F1FF850 = {isa = PBXBuildFile; fileRef = 414DA5BEA7E811A0D32C41E1; };
		A2AD04393A6BCA42846753F7 = {isa = PBXBuildFile; fileRef = 51CFDA964FBEBAB9506E4BFE; };
		93AEE749DF919718309BAD75 = {isa = PBXBuildFile; fileRef = 97B7DE12122719E50396EC8C; };
		72F7BCF3C47FD327C7F48FD2 = {isa = PBXBuildFile; fileRef = 935C25D22B4815C14C4E52F2; };
		011685BA87C7B83CF550CC3D = {isa = PBXFileReference; lastKnownFileType = file; name = "juce_events"; path = "/Applications/JUCE/modules/juce_events"; sourceTree = "<absolute>"; };
		04EF7E3ACA9E583E647197DE = {isa = PBXFileReference; lastKnownFileType = file; name = "juce_gui_extra"; path = "/Applications/JUCE/modules/juce_gui_extra"; sourceTree = "<absolute>"; };
		0F0D2386E7E2919F3FF3C64F = {isa = PBXFileReference; lastKnownFileType = file; name = "juce_audio_devices"; path = "/Applications/JUCE/modules/juce_audio_devices"; sourceTree = "<absolute>"; };
		152926B90DE8BF33F3DE92DB = {isa = PBXFileReference; lastKnownFileType = sourcecode.cpp.objcpp; name = "include_juce_audio_basics.mm"; path = "../../JuceLibraryCode/include_juce_audio_basics.mm"; sourceTree = "SOURCE_ROOT"; };
		3114C30A7BC799A4608A08DB = {isa = PBXFileReference; lastKnownFileType = file; name = "juce_core"; path = "/Applications/JUCE/modules/juce_core"; sourceTree = "<absolute>"; };
		3532C1B1F50BC2D382775B95 = {isa = PBXFileReference; lastKnownFileType = wrapper.framework; name = Cocoa.framework; path = System/Library/Frameworks/Cocoa.framework; sourceTree = SDKROOT; };
		3A42A5FFA19A21E3973095CA = {isa = PBXFileReference; explicitFileType = wrapper.cfbundle; includeInIndex = 0; path = PPM.vst; sourceTree = "BUILT_PRODUCTS_DIR"; };
		3C23D65A5C292EC960D7E58D = {isa = PBXFileReference; lastKnownFileType = sourcecode.cpp.cpp; name = Ppm.cpp; path = ../../../src/Ppm/Ppm.cpp; sourceTree = "SOURCE_ROOT"; };
		515B619CDB4EF8D446040609 = {isa = PBXFileReference; explicitFileType = wrapper.application; includeInIndex = 0; path = PPM.app; sourceTree = "BUILT_PRODUCTS_DIR"; };
		15AAA7DF75B43A23B42747F6 = {isa = PBXFileReference; explicitFileType = archive.ar; includeInIndex = 0; path = libPPM.a; sourceTree = "BUILT_PRODUCTS_DIR"; };
		1FB8DF64C8FC2B2E7BF98D89 = {isa = PBXFileReference; lastKnownFileType = sourcecode.cpp.cpp; name = PluginProcessor.cpp; path = ../../Source/PluginProcessor.cpp; sourceTree = "SOURCE_ROOT"; };
		3D67DD14281B65D9DCCDF5D8 = {isa = PBXFileReference; lastKnownFileType = sourcecode.cpp.objcpp; name = "include_juce_data_structures.mm"; path = "../../JuceLibraryCode/include_juce_data_structures.mm"; sourceTree = "SOURCE_ROOT"; };
		414DA5BEA7E811A0D32C41E1 = {isa = PBXFileReference; lastKnownFileType = sourcecode.cpp.objcpp; name = "include_juce_events.mm"; path = "../../JuceLibraryCode/include_juce_events.mm"; sourceTree = "SOURCE_ROOT"; };
		4263AAB80F40C2C811DE5CBF = {isa = PBXFileReference; lastKnownFileType = wrapper.framework; name = CoreAudio.framework; path = System/Library/Frameworks/CoreAudio.framework; sourceTree = SDKROOT; };
		4B5A05A140E2B9981E7E5C38 = {isa = PBXFileReference; lastKnownFileType = sourcecode.cpp.objcpp; name = "include_juce_audio_plugin_client_VST_utils.mm"; path = "../../JuceLibraryCode/include_juce_audio_plugin_client_VST_utils.mm"; sourceTree = "SOURCE_ROOT"; };
		4C51A4E30B4FE5457A20A2CB = {isa = PBXFileReference; lastKnownFileType = file; name = "juce_audio_plugin_client"; path = "/Applications/JUCE/modules/juce_audio_plugin_client"; sourceTree = "<absolute>"; };
		4C9A5C939136A81759F89BCF = {isa = PBXFileReference; lastKnownFileType = wrapper.framework; name = AudioToolbox.framework; path = System/Library/Frameworks/AudioToolbox.framework; sourceTree = SDKROOT; };
		503462FF2150613EB8694711 = {isa = PBXFileReference; lastKnownFileType = file; name = "juce_gui_basics"; path = "/Applications/JUCE/modules/juce_gui_basics"; sourceTree = "<absolute>"; };
		51CFDA964FBEBAB9506E4BFE = {isa = PBXFileReference; lastKnownFileType = sourcecode.cpp.objcpp; name = "include_juce_graphics.mm"; path = "../../JuceLibraryCode/include_juce_graphics.mm"; sourceTree = "SOURCE_ROOT"; };
		559BFF3600CB3D3EA4B223DE = {isa = PBXFileReference; lastKnownFileType = file; name = "juce_cryptography"; path = "/Applications/JUCE/modules/juce_cryptography"; sourceTree = "<absolute>"; };
		5861DCF6C8F53F70E3BC52E0 = {isa = PBXFileReference; lastKnownFileType = sourcecode.cpp.objcpp; name = "include_juce_audio_formats.mm"; path = "../../JuceLibraryCode/include_juce_audio_formats.mm"; sourceTree = "SOURCE_ROOT"; };
		5D3D1D03143DEDB5D0E1321D = {isa = PBXFileReference; lastKnownFileType = sourcecode.cpp.objcpp; name = "include_juce_audio_devices.mm"; path = "../../JuceLibraryCode/include_juce_audio_devices.mm"; sourceTree = "SOURCE_ROOT"; };
		5E38082B9FB874D6215CBDC6 = {isa = PBXFileReference; lastKnownFileType = wrapper.framework; name = QuartzCore.framework; path = System/Library/Frameworks/QuartzCore.framework; sourceTree = SDKROOT; };
		5E7CDE4FF132DF12379A132D = {isa = PBXFileReference; lastKnownFileType = sourcecode.c.h; name = MeterComponent.h; path = ../../Source/MeterComponent.h; sourceTree = "SOURCE_ROOT"; };
		68A9D868C814A12FBB2D1AEC = {isa = PBXFileReference; lastKnownFileType = sourcecode.c.h; name = AppConfig.h; path = ../../JuceLibraryCode/AppConfig.h; sourceTree = "SOURCE_ROOT"; };
		72E705CC7938BC3DF65D4AAA = {isa = PBXFileReference; lastKnownFileType = file.nib; name = RecentFilesMenuTemplate.nib; path = RecentFilesMenuTemplate.nib; sourceTree = "SOURCE_ROOT"; };
		77905337F4E9AE5336FD3C46 = {isa = PBXFileReference; lastKnownFileType = sourcecode.cpp.objcpp; name = "include_juce_core.mm"; path = "../../JuceLibraryCode/include_juce_core.mm"; sourceTree = "SOURCE_ROOT"; };
		779B3E174CCF2C4BDE83F0D8 = {isa = PBXFileReference; lastKnownFileType = sourcecode.cpp.cpp; name = "include_juce_audio_plugin_client_Standalone.cpp"; path = "../../JuceLibraryCode/include_juce_audio_plugin_client_Standalone.cpp"; sourceTree = "SOURCE_ROOT"; };
		7F2E8C39B55535E00A05CCD7 = {isa = PBXFileReference; lastKnownFileType = file; name = "juce_data_structures"; path = "/Applications/JUCE/modules/juce_data_structures"; sourceTree = "<absolute>"; };
		830D5E2525266BC09BDD4D1E = {isa = PBXFileReference; lastKnownFileType = text.plist.xml; name = PPM.entitlements; path = PPM.entitlements; sourceTree = "SOURCE_ROOT"; };
		844316887867FFD4643F1643 = {isa = PBXFileReference; lastKnownFileType = file; name = "juce_audio_processors"; path = "/Applications/JUCE/modules/juce_audio_processors"; sourceTree = "<absolute>"; };
		8C862C9FA20F6E0E2D3A2A4A = {isa = PBXFileReference; lastKnownFileType = text.plist.xml; name = "Info-VST.plist"; path = "Info-VST.plist"; sourceTree = "SOURCE_ROOT"; };
		935C25D22B4815C14C4E52F2 = {isa = PBXFileReference; lastKnownFileType = sourcecode.cpp.objcpp; name = "include_juce_gui_extra.mm"; path = "../../JuceLibraryCode/include_juce_gui_extra.mm"; sourceTree = "SOURCE_ROOT"; };
		97B7DE12122719E50396EC8C = {isa = PBXFileReference; lastKnownFileType = sourcecode.cpp.objcpp; name = "include_juce_gui_basics.mm"; path = "../../JuceLibraryCode/include_juce_gui_basics.mm"; sourceTree = "SOURCE_ROOT"; };
		9805E1FEC221CE80E77BFF4D = {isa = PBXFileReference; lastKnownFileType = file; name = "juce_audio_formats"; path = "/Applications/JUCE/modules/juce_audio_formats"; sourceTree = "<absolute>"; };
		A6675882B980CA191577BA6E = {isa = PBXFileReference; lastKnownFileType = sourcecode.cpp.cpp; name = "include_juce_audio_plugin_client_VST2.cpp"; path = "../../JuceLibraryCode/include_juce_audio_plugin_client_VST2.cpp"; sourceTree = "SOURCE_ROOT"; };
		A7EACBF7A5B5427E4027544B = {isa = PBXFileReference; lastKnownFileType = wrapper.framework; name = Accelerate.framework; path = System/Library/Frameworks/Accelerate.framework; sourceTree = SDKROOT; };
		AEEAAA7B307A8D8E4CA60D69 = {isa = PBXFileReference; lastKnownFileType = wrapper.framework; name = WebKit.framework; path = System/Library/Frameworks/WebKit.framework; sourceTree = SDKROOT; };
		AFDA0A87C9BFAA885E655C0A = {isa = PBXFileReference; lastKnownFileType = text.plist.xml; name = "Info-Standalone_Plugin.plist"; path = "Info-Standalone_Plugin.plist"; sourceTree = "SOURCE_ROOT"; };
		B7F396133876C9CD4C487579 = {isa = PBXFileReference; lastKnownFileType = sourcecode.cpp.objcpp; name = "include_juce_cryptography.mm"; path = "../../JuceLibraryCode/include_juce_cryptography.mm"; sourceTree = "SOURCE_ROOT"; };
		B80C72864BAFAF4E65BBDF9E = {isa = PBXFileReference; lastKnownFileType = sourcecode.cpp.cpp; name = PluginEditor.cpp; path = ../../Source/PluginEditor.cpp; sourceTree = "SOURCE_ROOT"; };
		B977493172F1D06D2A32B327 = {isa = PBXFileReference; lastKnownFileType = file; name = "juce_audio_basics"; path = "/Applications/JUCE/modules/juce_audio_basics"; sourceTree = "<absolute>"; };
		C259177FDC330A306F7FDDD1 = {isa = PBXFileReference; lastKnownFileType = wrapper.framework; name = DiscRecording.framework; path = System/Library/Frameworks/DiscRecording.framework; sourceTree = SDKROOT; };
		DAB731F3E728485BF133EFC8 = {isa = PBXFileReference; lastKnownFileType = sourcecode.cpp.objcpp; name = "include_juce_audio_utils.mm"; path = "../../JuceLibraryCode/include_juce_audio_utils.mm"; sourceTree = "SOURCE_ROOT"; };
		DD2680F51BC990F9D6CAAB62 = {isa = PBXFileReference; lastKnownFileType = file; name = "juce_graphics"; path = "/Applications/JUCE/modules/juce_graphics"; sourceTree = "<absolute>"; };
		DD7D5D6079BFB760C445BC00 = {isa = PBXFileReference; lastKnownFileType = wrapper.framework; name = CoreMIDI.framework; path = System/Library/Frameworks/CoreMIDI.framework; sourceTree = SDKROOT; };
		DE6A0FE0C9B359256385A0CF = {isa = PBXFileReference; lastKnownFileType = sourcecode.cpp.objcpp; name = "include_juce_audio_processors.mm"; path = "../../JuceLibraryCode/include_juce_audio_processors.mm"; sourceTree = "SOURCE_ROOT"; };
		DEC81EADF8968D4191904379 = {isa = PBXFileReference; lastKnownFileType = sourcecode.cpp.cpp; name = "include_juce_audio_plugin_client_utils.cpp"; path = "../../JuceLibraryCode/include_juce_audio_plugin_client_utils.cpp"; sourceTree = "SOURCE_ROOT"; };
		E20588A60A7735559A1225E5 = {isa = PBXFileReference; lastKnownFileType = wrapper.framework; name = Carbon.framework; path = System/Library/Frameworks/Carbon.framework; sourceTree = SDKROOT; };
		EA36260B679742CE809008A8 = {isa = PBXFileReference; lastKnownFileType = sourcecode.c.h; name = JuceHeader.h; path = ../../JuceLibraryCode/JuceHeader.h; sourceTree = "SOURCE_ROOT"; };
		EEEB1450DD4E662ADA15E59C = {isa = PBXFileReference; lastKnownFileType = wrapper.framework; name = IOKit.framework; path = System/Library/Frameworks/IOKit.framework; sourceTree = SDKROOT; };
		F06BE4594BFF80FABA896F3F = {isa = PBXFileReference; lastKnownFileType = sourcecode.c.h; name = PluginEditor.h; path = ../../Source/PluginEditor.h; sourceTree = "SOURCE_ROOT"; };
		F39E01BB038E69CE66F95C8A = {isa = PBXFileReference; lastKnownFileType = sourcecode.c.h; name = PluginProcessor.h; path = ../../Source/PluginProcessor.h; sourceTree = "SOURCE_ROOT"; };
		F432CCA7AB804F4A75E3D007 = {isa = PBXFileReference; lastKnownFileType = file; name = "juce_audio_utils"; path = "/Applications/JUCE/modules/juce_audio_utils"; sourceTree = "<absolute>"; };
		1B4025A866248948664AD25C = {isa = PBXGroup; children = (
					3C23D65A5C292EC960D7E58D, ); name = "PPM_API"; sourceTree = "<group>"; };
		71BE376FA55F637AE4927D77 = {isa = PBXGroup; children = (
					1FB8DF64C8FC2B2E7BF98D89,
					F39E01BB038E69CE66F95C8A,
					B80C72864BAFAF4E65BBDF9E,
					F06BE4594BFF80FABA896F3F, ); name = Source; sourceTree = "<group>"; };
		057D96129D37FC8F716A3B06 = {isa = PBXGroup; children = (
					1B4025A866248948664AD25C,
					71BE376FA55F637AE4927D77,
					5E7CDE4FF132DF12379A132D, ); name = PPM; sourceTree = "<group>"; };
		50433F09D0515E89963C056C = {isa = PBXGroup; children = (
					B977493172F1D06D2A32B327,
					0F0D2386E7E2919F3FF3C64F,
					9805E1FEC221CE80E77BFF4D,
					4C51A4E30B4FE5457A20A2CB,
					844316887867FFD4643F1643,
					F432CCA7AB804F4A75E3D007,
					3114C30A7BC799A4608A08DB,
					559BFF3600CB3D3EA4B223DE,
					7F2E8C39B55535E00A05CCD7,
					011685BA87C7B83CF550CC3D,
					DD2680F51BC990F9D6CAAB62,
					503462FF2150613EB8694711,
					04EF7E3ACA9E583E647197DE, ); name = "JUCE Modules"; sourceTree = "<group>"; };
		F137F766B8A0A32A8472C463 = {isa = PBXGroup; children = (
					68A9D868C814A12FBB2D1AEC,
					152926B90DE8BF33F3DE92DB,
					5D3D1D03143DEDB5D0E1321D,
					5861DCF6C8F53F70E3BC52E0,
					779B3E174CCF2C4BDE83F0D8,
					DEC81EADF8968D4191904379,
					4B5A05A140E2B9981E7E5C38,
					A6675882B980CA191577BA6E,
					DE6A0FE0C9B359256385A0CF,
					DAB731F3E728485BF133EFC8,
					77905337F4E9AE5336FD3C46,
					B7F396133876C9CD4C487579,
					3D67DD14281B65D9DCCDF5D8,
					414DA5BEA7E811A0D32C41E1,
					51CFDA964FBEBAB9506E4BFE,
					97B7DE12122719E50396EC8C,
					935C25D22B4815C14C4E52F2,
					EA36260B679742CE809008A8, ); name = "JUCE Library Code"; sourceTree = "<group>"; };
		B6868B1C08F6D6C0B1149FA0 = {isa = PBXGroup; children = (
					8C862C9FA20F6E0E2D3A2A4A,
					AFDA0A87C9BFAA885E655C0A,
					72E705CC7938BC3DF65D4AAA, ); name = Resources; sourceTree = "<group>"; };
		68F0FFF0D58ED1A8070EB11C = {isa = PBXGroup; children = (
					A7EACBF7A5B5427E4027544B,
					4C9A5C939136A81759F89BCF,
					E20588A60A7735559A1225E5,
					3532C1B1F50BC2D382775B95,
					4263AAB80F40C2C811DE5CBF,
					DD7D5D6079BFB760C445BC00,
					C259177FDC330A306F7FDDD1,
					EEEB1450DD4E662ADA15E59C,
					5E38082B9FB874D6215CBDC6,
					AEEAAA7B307A8D8E4CA60D69, ); name = Frameworks; sourceTree = "<group>"; };
		80A2CE6B91CB17FEAF35832B = {isa = PBXGroup; children = (
					3A42A5FFA19A21E3973095CA,
					515B619CDB4EF8D446040609,
					15AAA7DF75B43A23B42747F6, ); name = Products; sourceTree = "<group>"; };
		ACEDF45076F95213EDC2654D = {isa = PBXGroup; children = (
					830D5E2525266BC09BDD4D1E,
					057D96129D37FC8F716A3B06,
					50433F09D0515E89963C056C,
					F137F766B8A0A32A8472C463,
					B6868B1C08F6D6C0B1149FA0,
					68F0FFF0D58ED1A8070EB11C,
					80A2CE6B91CB17FEAF35832B, ); name = Source; sourceTree = "<group>"; };
		AB61BFDEA9EF742E8F13CB10 = {isa = XCBuildConfiguration; buildSettings = {
				MACOSX_DEPLOYMENT_TARGET = 10.11; }; name = Debug; };
		980A0A05C1683010265CA38B = {isa = XCBuildConfiguration; buildSettings = {
				MACOSX_DEPLOYMENT_TARGET = 10.11; }; name = Release; };
		D32D89C17B78623BF19D6A37 = {isa = XCBuildConfiguration; buildSettings = {
				CLANG_CXX_LANGUAGE_STANDARD = "c++14";
				CLANG_LINK_OBJC_RUNTIME = NO;
				COMBINE_HIDPI_IMAGES = YES;
				CONFIGURATION_BUILD_DIR = "$(PROJECT_DIR)/build/$(CONFIGURATION)";
				COPY_PHASE_STRIP = NO;
				DEPLOYMENT_LOCATION = YES;
				DSTROOT = /;
				GCC_DYNAMIC_NO_PIC = NO;
				GCC_OPTIMIZATION_LEVEL = 0;
				GCC_PREPROCESSOR_DEFINITIONS = (
					"_DEBUG=1",
					"DEBUG=1",
					"JUCER_XCODE_MAC_F6D2F4CF=1",
					"JUCE_APP_VERSION=1.0.0",
					"JUCE_APP_VERSION_HEX=0x10000",
					"JucePlugin_Build_VST=1",
					"JucePlugin_Build_VST3=0",
					"JucePlugin_Build_AU=0",
					"JucePlugin_Build_AUv3=0",
					"JucePlugin_Build_RTAS=0",
					"JucePlugin_Build_AAX=0",
					"JucePlugin_Build_Standalone=0", );
				GCC_VERSION = com.apple.compilers.llvm.clang.1_0;
				GENERATE_PKGINFO_FILE = YES;
				HEADER_SEARCH_PATHS = ("../../JuceLibraryCode", "/Applications/JUCE/modules", "../../../src/inc", "../../../inc", "/Applications/JUCE/modules/juce_audio_plugin_client", "$(inherited)");
				INFOPLIST_FILE = Info-VST.plist;
				INFOPLIST_PREPROCESS = NO;
				INSTALL_PATH = "$(HOME)/Library/Audio/Plug-Ins/VST/";
				LIBRARY_STYLE = Bundle;
				MACOSX_DEPLOYMENT_TARGET = 10.11;
				MACOSX_DEPLOYMENT_TARGET_ppc = 10.4;
				OTHER_LDFLAGS = "-bundle -lPPM";
				PRODUCT_BUNDLE_IDENTIFIER = com.yourcompany.PPM;
				SDKROOT_ppc = macosx10.5;
				USE_HEADERMAP = NO;
				WRAPPER_EXTENSION = vst; }; name = Debug; };
		868DF5356BB45ED8EBA36C5F = {isa = XCBuildConfiguration; buildSettings = {
				CLANG_CXX_LANGUAGE_STANDARD = "c++14";
				CLANG_LINK_OBJC_RUNTIME = NO;
				COMBINE_HIDPI_IMAGES = YES;
				CONFIGURATION_BUILD_DIR = "$(PROJECT_DIR)/build/$(CONFIGURATION)";
				DEAD_CODE_STRIPPING = YES;
				DEPLOYMENT_LOCATION = YES;
				DSTROOT = /;
				GCC_GENERATE_DEBUGGING_SYMBOLS = NO;
				GCC_OPTIMIZATION_LEVEL = 3;
				GCC_PREPROCESSOR_DEFINITIONS = (
					"_NDEBUG=1",
					"NDEBUG=1",
					"JUCER_XCODE_MAC_F6D2F4CF=1",
					"JUCE_APP_VERSION=1.0.0",
					"JUCE_APP_VERSION_HEX=0x10000",
					"JucePlugin_Build_VST=1",
					"JucePlugin_Build_VST3=0",
					"JucePlugin_Build_AU=0",
					"JucePlugin_Build_AUv3=0",
					"JucePlugin_Build_RTAS=0",
					"JucePlugin_Build_AAX=0",
					"JucePlugin_Build_Standalone=0", );
				GCC_SYMBOLS_PRIVATE_EXTERN = YES;
				GCC_VERSION = com.apple.compilers.llvm.clang.1_0;
				GENERATE_PKGINFO_FILE = YES;
				HEADER_SEARCH_PATHS = ("../../JuceLibraryCode", "/Applications/JUCE/modules", "../../../src/inc", "../../../inc", "/Applications/JUCE/modules/juce_audio_plugin_client", "$(inherited)");
				INFOPLIST_FILE = Info-VST.plist;
				INFOPLIST_PREPROCESS = NO;
				INSTALL_PATH = "$(HOME)/Library/Audio/Plug-Ins/VST/";
				LIBRARY_STYLE = Bundle;
				LLVM_LTO = YES;
				MACOSX_DEPLOYMENT_TARGET = 10.11;
				MACOSX_DEPLOYMENT_TARGET_ppc = 10.4;
				OTHER_LDFLAGS = "-bundle -lPPM";
				PRODUCT_BUNDLE_IDENTIFIER = com.yourcompany.PPM;
				SDKROOT_ppc = macosx10.5;
				USE_HEADERMAP = NO;
				WRAPPER_EXTENSION = vst; }; name = Release; };
		5142BC1F7A5D26014E3EAFB0 = {isa = XCBuildConfiguration; buildSettings = {
				CLANG_CXX_LANGUAGE_STANDARD = "c++14";
				CLANG_LINK_OBJC_RUNTIME = NO;
				COMBINE_HIDPI_IMAGES = YES;
				CONFIGURATION_BUILD_DIR = "$(PROJECT_DIR)/build/$(CONFIGURATION)";
				COPY_PHASE_STRIP = NO;
				GCC_DYNAMIC_NO_PIC = NO;
				GCC_OPTIMIZATION_LEVEL = 0;
				GCC_PREPROCESSOR_DEFINITIONS = (
					"_DEBUG=1",
					"DEBUG=1",
					"JUCER_XCODE_MAC_F6D2F4CF=1",
					"JUCE_APP_VERSION=1.0.0",
					"JUCE_APP_VERSION_HEX=0x10000",
					"JucePlugin_Build_VST=0",
					"JucePlugin_Build_VST3=0",
					"JucePlugin_Build_AU=0",
					"JucePlugin_Build_AUv3=0",
					"JucePlugin_Build_RTAS=0",
					"JucePlugin_Build_AAX=0",
					"JucePlugin_Build_Standalone=1", );
				GCC_VERSION = com.apple.compilers.llvm.clang.1_0;
				HEADER_SEARCH_PATHS = ("../../JuceLibraryCode", "/Applications/JUCE/modules", "../../../src/inc", "../../../inc", "/Applications/JUCE/modules/juce_audio_plugin_client", "$(inherited)");
				INFOPLIST_FILE = Info-Standalone_Plugin.plist;
				INFOPLIST_PREPROCESS = NO;
				MACOSX_DEPLOYMENT_TARGET = 10.11;
				MACOSX_DEPLOYMENT_TARGET_ppc = 10.4;
				OTHER_LDFLAGS = "-lPPM";
				PRODUCT_BUNDLE_IDENTIFIER = com.yourcompany.PPM;
				SDKROOT_ppc = macosx10.5;
				USE_HEADERMAP = NO; }; name = Debug; };
		F0CA53A2D01A106152CC40B9 = {isa = XCBuildConfiguration; buildSettings = {
				CLANG_CXX_LANGUAGE_STANDARD = "c++14";
				CLANG_LINK_OBJC_RUNTIME = NO;
				COMBINE_HIDPI_IMAGES = YES;
				CONFIGURATION_BUILD_DIR = "$(PROJECT_DIR)/build/$(CONFIGURATION)";
				DEAD_CODE_STRIPPING = YES;
				GCC_GENERATE_DEBUGGING_SYMBOLS = NO;
				GCC_OPTIMIZATION_LEVEL = 3;
				GCC_PREPROCESSOR_DEFINITIONS = (
					"_NDEBUG=1",
					"NDEBUG=1",
					"JUCER_XCODE_MAC_F6D2F4CF=1",
					"JUCE_APP_VERSION=1.0.0",
					"JUCE_APP_VERSION_HEX=0x10000",
					"JucePlugin_Build_VST=0",
					"JucePlugin_Build_VST3=0",
					"JucePlugin_Build_AU=0",
					"JucePlugin_Build_AUv3=0",
					"JucePlugin_Build_RTAS=0",
					"JucePlugin_Build_AAX=0",
					"JucePlugin_Build_Standalone=1", );
				GCC_SYMBOLS_PRIVATE_EXTERN = YES;
				GCC_VERSION = com.apple.compilers.llvm.clang.1_0;
				HEADER_SEARCH_PATHS = ("../../JuceLibraryCode", "/Applications/JUCE/modules", "../../../src/inc", "../../../inc", "/Applications/JUCE/modules/juce_audio_plugin_client", "$(inherited)");
				INFOPLIST_FILE = Info-Standalone_Plugin.plist;
				INFOPLIST_PREPROCESS = NO;
				LLVM_LTO = YES;
				MACOSX_DEPLOYMENT_TARGET = 10.11;
				MACOSX_DEPLOYMENT_TARGET_ppc = 10.4;
				OTHER_LDFLAGS = "-lPPM";
				PRODUCT_BUNDLE_IDENTIFIER = com.yourcompany.PPM;
				SDKROOT_ppc = macosx10.5;
				USE_HEADERMAP = NO; }; name = Release; };
		42FCEE1DE6064E3D0568BA04 = {isa = XCBuildConfiguration; buildSettings = {
				CLANG_CXX_LANGUAGE_STANDARD = "c++14";
				CLANG_LINK_OBJC_RUNTIME = NO;
				COMBINE_HIDPI_IMAGES = YES;
				CONFIGURATION_BUILD_DIR = "$(PROJECT_DIR)/build/$(CONFIGURATION)";
				COPY_PHASE_STRIP = NO;
				GCC_DYNAMIC_NO_PIC = NO;
				GCC_OPTIMIZATION_LEVEL = 0;
				GCC_PREPROCESSOR_DEFINITIONS = (
					"_DEBUG=1",
					"DEBUG=1",
					"JUCER_XCODE_MAC_F6D2F4CF=1",
					"JUCE_APP_VERSION=1.0.0",
					"JUCE_APP_VERSION_HEX=0x10000",
					"JucePlugin_Build_VST=1",
					"JucePlugin_Build_VST3=0",
					"JucePlugin_Build_AU=0",
					"JucePlugin_Build_AUv3=0",
					"JucePlugin_Build_RTAS=0",
					"JucePlugin_Build_AAX=0",
					"JucePlugin_Build_Standalone=1",
					"JUCE_SHARED_CODE=1", );
				GCC_VERSION = com.apple.compilers.llvm.clang.1_0;
				HEADER_SEARCH_PATHS = ("../../JuceLibraryCode", "/Applications/JUCE/modules", "../../../src/inc", "../../../inc", "/Applications/JUCE/modules/juce_audio_plugin_client", "$(inherited)");
				INSTALL_PATH = "@executable_path/../Frameworks";
				MACOSX_DEPLOYMENT_TARGET = 10.11;
				MACOSX_DEPLOYMENT_TARGET_ppc = 10.4;
				PRODUCT_BUNDLE_IDENTIFIER = com.yourcompany.PPM;
				SDKROOT_ppc = macosx10.5;
				USE_HEADERMAP = NO; }; name = Debug; };
		35C85CD6D044BCF55C0EDFFC = {isa = XCBuildConfiguration; buildSettings = {
				CLANG_CXX_LANGUAGE_STANDARD = "c++14";
				CLANG_LINK_OBJC_RUNTIME = NO;
				COMBINE_HIDPI_IMAGES = YES;
				CONFIGURATION_BUILD_DIR = "$(PROJECT_DIR)/build/$(CONFIGURATION)";
				DEAD_CODE_STRIPPING = YES;
				GCC_GENERATE_DEBUGGING_SYMBOLS = NO;
				GCC_OPTIMIZATION_LEVEL = 3;
				GCC_PREPROCESSOR_DEFINITIONS = (
					"_NDEBUG=1",
					"NDEBUG=1",
					"JUCER_XCODE_MAC_F6D2F4CF=1",
					"JUCE_APP_VERSION=1.0.0",
					"JUCE_APP_VERSION_HEX=0x10000",
					"JucePlugin_Build_VST=1",
					"JucePlugin_Build_VST3=0",
					"JucePlugin_Build_AU=0",
					"JucePlugin_Build_AUv3=0",
					"JucePlugin_Build_RTAS=0",
					"JucePlugin_Build_AAX=0",
					"JucePlugin_Build_Standalone=1",
					"JUCE_SHARED_CODE=1", );
				GCC_SYMBOLS_PRIVATE_EXTERN = YES;
				GCC_VERSION = com.apple.compilers.llvm.clang.1_0;
				HEADER_SEARCH_PATHS = ("../../JuceLibraryCode", "/Applications/JUCE/modules", "../../../src/inc", "../../../inc", "/Applications/JUCE/modules/juce_audio_plugin_client", "$(inherited)");
				INSTALL_PATH = "@executable_path/../Frameworks";
				LLVM_LTO = YES;
				MACOSX_DEPLOYMENT_TARGET = 10.11;
				MACOSX_DEPLOYMENT_TARGET_ppc = 10.4;
				PRODUCT_BUNDLE_IDENTIFIER = com.yourcompany.PPM;
				SDKROOT_ppc = macosx10.5;
				USE_HEADERMAP = NO; }; name = Release; };
		6060FB1E2A5FE40018581239 = {isa = XCBuildConfiguration; buildSettings = {
				ALWAYS_SEARCH_USER_PATHS = NO;
				CLANG_WARN_BLOCK_CAPTURE_AUTORELEASING = YES;
				CLANG_WARN_BOOL_CONVERSION = YES;
				CLANG_WARN_COMMA = YES;
				CLANG_WARN_CONSTANT_CONVERSION = YES;
				CLANG_WARN_EMPTY_BODY = YES;
				CLANG_WARN_ENUM_CONVERSION = YES;
				CLANG_WARN_INFINITE_RECURSION = YES;
				CLANG_WARN_INT_CONVERSION = YES;
				CLANG_WARN_NON_LITERAL_NULL_CONVERSION = YES;
				CLANG_WARN_OBJC_LITERAL_CONVERSION = YES;
				CLANG_WARN_RANGE_LOOP_ANALYSIS = YES;
				CLANG_WARN_STRICT_PROTOTYPES = YES;
				CLANG_WARN_SUSPICIOUS_MOVE = YES;
				CLANG_WARN_UNREACHABLE_CODE = YES;
				CLANG_WARN__DUPLICATE_METHOD_MATCH = YES;
				DEBUG_INFORMATION_FORMAT = "dwarf";
				ENABLE_STRICT_OBJC_MSGSEND = YES;
				ENABLE_TESTABILITY = YES;
				GCC_C_LANGUAGE_STANDARD = c11;
				GCC_INLINES_ARE_PRIVATE_EXTERN = YES;
				GCC_MODEL_TUNING = G5;
				GCC_NO_COMMON_BLOCKS = YES;
				GCC_WARN_64_TO_32_BIT_CONVERSION = YES;
				GCC_WARN_ABOUT_RETURN_TYPE = YES;
				GCC_WARN_CHECK_SWITCH_STATEMENTS = YES;
				GCC_WARN_MISSING_PARENTHESES = YES;
				GCC_WARN_NON_VIRTUAL_DESTRUCTOR = YES;
				GCC_WARN_TYPECHECK_CALLS_TO_PRINTF = YES;
				GCC_WARN_UNDECLARED_SELECTOR = YES;
				GCC_WARN_UNINITIALIZED_AUTOS = YES;
				GCC_WARN_UNUSED_FUNCTION = YES;
				GCC_WARN_UNUSED_VARIABLE = YES;
				ONLY_ACTIVE_ARCH = YES;
				PRODUCT_NAME = "PPM";
				WARNING_CFLAGS = -Wreorder;
				ZERO_LINK = NO; }; name = Debug; };
		4F2805A7182A74D37DFF91B3 = {isa = XCBuildConfiguration; buildSettings = {
				ALWAYS_SEARCH_USER_PATHS = NO;
				CLANG_WARN_BLOCK_CAPTURE_AUTORELEASING = YES;
				CLANG_WARN_BOOL_CONVERSION = YES;
				CLANG_WARN_COMMA = YES;
				CLANG_WARN_CONSTANT_CONVERSION = YES;
				CLANG_WARN_EMPTY_BODY = YES;
				CLANG_WARN_ENUM_CONVERSION = YES;
				CLANG_WARN_INFINITE_RECURSION = YES;
				CLANG_WARN_INT_CONVERSION = YES;
				CLANG_WARN_NON_LITERAL_NULL_CONVERSION = YES;
				CLANG_WARN_OBJC_LITERAL_CONVERSION = YES;
				CLANG_WARN_RANGE_LOOP_ANALYSIS = YES;
				CLANG_WARN_STRICT_PROTOTYPES = YES;
				CLANG_WARN_SUSPICIOUS_MOVE = YES;
				CLANG_WARN_UNREACHABLE_CODE = YES;
				CLANG_WARN__DUPLICATE_METHOD_MATCH = YES;
				DEBUG_INFORMATION_FORMAT = "dwarf";
				ENABLE_STRICT_OBJC_MSGSEND = YES;
				GCC_C_LANGUAGE_STANDARD = c11;
				GCC_INLINES_ARE_PRIVATE_EXTERN = YES;
				GCC_MODEL_TUNING = G5;
				GCC_NO_COMMON_BLOCKS = YES;
				GCC_WARN_64_TO_32_BIT_CONVERSION = YES;
				GCC_WARN_ABOUT_RETURN_TYPE = YES;
				GCC_WARN_CHECK_SWITCH_STATEMENTS = YES;
				GCC_WARN_MISSING_PARENTHESES = YES;
				GCC_WARN_NON_VIRTUAL_DESTRUCTOR = YES;
				GCC_WARN_TYPECHECK_CALLS_TO_PRINTF = YES;
				GCC_WARN_UNDECLARED_SELECTOR = YES;
				GCC_WARN_UNINITIALIZED_AUTOS = YES;
				GCC_WARN_UNUSED_FUNCTION = YES;
				GCC_WARN_UNUSED_VARIABLE = YES;
				PRODUCT_NAME = "PPM";
				WARNING_CFLAGS = -Wreorder;
				ZERO_LINK = NO; }; name = Release; };
		3CABB6B0C268C15F6FB651EB = {isa = PBXTargetDependency; target = ADAA0768291ADBF8678FB707; };
		B36B3903CAAA9C49BBDB7E72 = {isa = PBXTargetDependency; target = EB98B3DE2C444AFD99B0474E; };
		052C145E451CBF97668994F1 = {isa = PBXTargetDependency; target = 5A0BEEA0FDB3EA932085A926; };
		AC7915018808A72F0F140836 = {isa = XCConfigurationList; buildConfigurations = (
					6060FB1E2A5FE40018581239,
					4F2805A7182A74D37DFF91B3, ); defaultConfigurationIsVisible = 0; defaultConfigurationName = Debug; };
		85450C3130649766F420B9CA = {isa = XCConfigurationList; buildConfigurations = (
					AB61BFDEA9EF742E8F13CB10,
					980A0A05C1683010265CA38B, ); defaultConfigurationIsVisible = 0; defaultConfigurationName = Debug; };
		43DF6FDD5FD5D7F6857C71CE = {isa = PBXAggregateTarget; buildConfigurationList = 85450C3130649766F420B9CA; buildPhases = (  ); buildRules = ( ); dependencies = (
					3CABB6B0C268C15F6FB651EB,
					B36B3903CAAA9C49BBDB7E72,
					052C145E451CBF97668994F1, ); name = "PPM - All"; productName = PPM; };
		C52A8B88E7F54E13E567CA99 = {isa = XCConfigurationList; buildConfigurations = (
					D32D89C17B78623BF19D6A37,
					868DF5356BB45ED8EBA36C5F, ); defaultConfigurationIsVisible = 0; defaultConfigurationName = Debug; };
		BD02016DB1D4F1D29AE41696 = {isa = PBXResourcesBuildPhase; buildActionMask = 2147483647; files = (
					1A099CD5AD57C06374BF557B, ); runOnlyForDeploymentPostprocessing = 0; };
		7AF6322D1CE48DF5780DD19C = {isa = PBXSourcesBuildPhase; buildActionMask = 2147483647; files = (
					4FE428786B7D622A128BE140, ); runOnlyForDeploymentPostprocessing = 0; };
		95D4FDEC4945B292D84D3A76 = {isa = PBXFrameworksBuildPhase; buildActionMask = 2147483647; files = (
					EB3D103D50D608B19B8C918D,
					B2E91F646BA4DA28FEA3561C,
					2B50D70BB849C75C3FCA766F,
					A53557E16C4E32506F6F55EC,
					D3931690053AF60AFF27F119,
					C8277F4D9F9CCBF92289B26F,
					657DA1845300A4E88F697E3A,
					368C1113AC32463E4B7EAE11,
					2087C4DD327BABBABB33A615,
					BEB1909F4213E1EDE8B5F74D, ); runOnlyForDeploymentPostprocessing = 0; };
		ADAA0768291ADBF8678FB707 = {isa = PBXNativeTarget; buildConfigurationList = C52A8B88E7F54E13E567CA99; buildPhases = (
					BD02016DB1D4F1D29AE41696,
					7AF6322D1CE48DF5780DD19C,
					95D4FDEC4945B292D84D3A76, ); buildRules = ( ); dependencies = (
					052C145E451CBF97668994F1, ); name = "PPM - VST"; productName = PPM; productReference = 3A42A5FFA19A21E3973095CA; productType = "com.apple.product-type.bundle"; };
		3D226263695B54A4F0085466 = {isa = XCConfigurationList; buildConfigurations = (
					5142BC1F7A5D26014E3EAFB0,
					F0CA53A2D01A106152CC40B9, ); defaultConfigurationIsVisible = 0; defaultConfigurationName = Debug; };
		D444A14F9F3DADD42C09AB98 = {isa = PBXResourcesBuildPhase; buildActionMask = 2147483647; files = (
					1A099CD5AD57C06374BF557B, ); runOnlyForDeploymentPostprocessing = 0; };
		5A3434468146E9ABFCD4E517 = {isa = PBXSourcesBuildPhase; buildActionMask = 2147483647; files = (
					26740D4CCC1054D328911325, ); runOnlyForDeploymentPostprocessing = 0; };
		C8AA923072BAC28334555F53 = {isa = PBXFrameworksBuildPhase; buildActionMask = 2147483647; files = (
					EB3D103D50D608B19B8C918D,
					B2E91F646BA4DA28FEA3561C,
					2B50D70BB849C75C3FCA766F,
					A53557E16C4E32506F6F55EC,
					D3931690053AF60AFF27F119,
					C8277F4D9F9CCBF92289B26F,
					657DA1845300A4E88F697E3A,
					368C1113AC32463E4B7EAE11,
					2087C4DD327BABBABB33A615,
					BEB1909F4213E1EDE8B5F74D, ); runOnlyForDeploymentPostprocessing = 0; };
		EB98B3DE2C444AFD99B0474E = {isa = PBXNativeTarget; buildConfigurationList = 3D226263695B54A4F0085466; buildPhases = (
					D444A14F9F3DADD42C09AB98,
					5A3434468146E9ABFCD4E517,
					C8AA923072BAC28334555F53, ); buildRules = ( ); dependencies = (
					052C145E451CBF97668994F1, ); name = "PPM - Standalone Plugin"; productName = PPM; productReference = 515B619CDB4EF8D446040609; productType = "com.apple.product-type.application"; };
		D996AFF88E46B23471A44E1A = {isa = XCConfigurationList; buildConfigurations = (
					42FCEE1DE6064E3D0568BA04,
					35C85CD6D044BCF55C0EDFFC, ); defaultConfigurationIsVisible = 0; defaultConfigurationName = Debug; };
		B686E4E075D43B778B565742 = {isa = PBXSourcesBuildPhase; buildActionMask = 2147483647; files = (
					3C2674EA004E92A6535274B1,
					3BECE70978C90137CB66D968,
					F4F0712DCC07D181AB4D7964,
					A89821A9791DA6999FBE6230,
					572355B6DF31FDE3E4B989EF,
					C7458DFA33251BB9195492B5,
					0914E7C7D14A14F871BF9678,
					3BB8D9A00CA4888AE75F64CC,
					FA477CBF73086FBD09798100,
					42A99583EDEA779875207D95,
					E77BEBA64AD7722E823CCB6B,
					9AF8F832145FE8810025FDDE,
					A9A83662EA1FA8A425911861,
					85C1B1DFB66E7A946F1FF850,
					A2AD04393A6BCA42846753F7,
					93AEE749DF919718309BAD75,
					72F7BCF3C47FD327C7F48FD2, ); runOnlyForDeploymentPostprocessing = 0; };
		5A0BEEA0FDB3EA932085A926 = {isa = PBXNativeTarget; buildConfigurationList = D996AFF88E46B23471A44E1A; buildPhases = (
					B686E4E075D43B778B565742, ); buildRules = ( ); dependencies = (  ); name = "PPM - Shared Code"; productName = PPM; productReference = 15AAA7DF75B43A23B42747F6; productType = "com.apple.product-type.library.static"; };
		125EE30160D58A121B9C1303 = {isa = PBXProject; buildConfigurationList = AC7915018808A72F0F140836; attributes = { LastUpgradeCheck = 0830; ORGANIZATIONNAME = ""; TargetAttributes = { 43DF6FDD5FD5D7F6857C71CE = { SystemCapabilities = {com.apple.ApplicationGroups.iOS = { enabled = 0; }; com.apple.InAppPurchase = { enabled = 0; }; com.apple.InterAppAudio = { enabled = 0; }; com.apple.Push = { enabled = 0; }; com.apple.Sandbox = { enabled = 0; }; }; };ADAA0768291ADBF8678FB707 = { SystemCapabilities = {com.apple.ApplicationGroups.iOS = { enabled = 0; }; com.apple.InAppPurchase = { enabled = 0; }; com.apple.InterAppAudio = { enabled = 0; }; com.apple.Push = { enabled = 0; }; com.apple.Sandbox = { enabled = 0; }; }; };EB98B3DE2C444AFD99B0474E = { SystemCapabilities = {com.apple.ApplicationGroups.iOS = { enabled = 0; }; com.apple.InAppPurchase = { enabled = 0; }; com.apple.InterAppAudio = { enabled = 0; }; com.apple.Push = { enabled = 0; }; com.apple.Sandbox = { enabled = 0; }; }; };5A0BEEA0FDB3EA932085A926 = { SystemCapabilities = {com.apple.ApplicationGroups.iOS = { enabled = 0; }; com.apple.InAppPurchase = { enabled = 0; }; com.apple.InterAppAudio = { enabled = 0; }; com.apple.Push = { enabled = 0; }; com.apple.Sandbox = { enabled = 0; }; }; }; }; }; compatibilityVersion = "Xcode 3.2"; hasScannedForEncodings = 0; mainGroup = ACEDF45076F95213EDC2654D; projectDirPath = ""; projectRoot = ""; targets = (43DF6FDD5FD5D7F6857C71CE, ADAA0768291ADBF8678FB707, EB98B3DE2C444AFD99B0474E, 5A0BEEA0FDB3EA932085A926); };
	};
	rootObject = 125EE30160D58A121B9C1303;
}
